
Microsoft Visual Studio Solution File, Format Version 12.00
# Visual Studio 15
VisualStudioVersion = 15.0.26124.0
MinimumVisualStudioVersion = 15.0.26124.0
Project("{2150E333-8FDC-42A3-9474-1A3956D46DE8}") = "common", "common", "{37BF5D9D-10D2-4E57-A82D-A6C2C3D69638}"
ProjectSection(SolutionItems) = preProject
	.editorconfig = .editorconfig
	.gitignore = .gitignore
	Directory.Build.props = Directory.Build.props
	Directory.Build.targets = Directory.Build.targets
	README.md = README.md
EndProjectSection
EndProject
Project("{2150E333-8FDC-42A3-9474-1A3956D46DE8}") = "src", "src", "{EC5FCCBF-E8AC-47EF-AC14-048AE19BD8A2}"
EndProject
Project("{2150E333-8FDC-42A3-9474-1A3956D46DE8}") = "tests", "tests", "{0027E939-E51E-4F91-9AED-50F2297CB604}"
EndProject
Project("{FAE04EC0-301F-11D3-BF4B-00C04F79EFBC}") = "QuestReports.Converters.DocXToPdf", "src\QuestReports.Converters.DocXToPdf\QuestReports.Converters.DocXToPdf.csproj", "{E51A8953-CB19-42B4-B0CD-4F602B02A5C1}"
EndProject
Project("{FAE04EC0-301F-11D3-BF4B-00C04F79EFBC}") = "QuestReports.Converters.DocXToPdf.Tests", "tests\QuestReports.Converters.DocXToPdf.Tests\QuestReports.Converters.DocXToPdf.Tests.csproj", "{2414B403-9916-43F1-AFB7-F77A9EB902C7}"
EndProject
Global
	GlobalSection(SolutionConfigurationPlatforms) = preSolution
		Debug|Any CPU = Debug|Any CPU
		Debug|x64 = Debug|x64
		Debug|x86 = Debug|x86
		Release|Any CPU = Release|Any CPU
		Release|x64 = Release|x64
		Release|x86 = Release|x86
	EndGlobalSection
	GlobalSection(SolutionProperties) = preSolution
		HideSolutionNode = FALSE
	EndGlobalSection
	GlobalSection(NestedProjects) = preSolution
		{E51A8953-CB19-42B4-B0CD-4F602B02A5C1} = {EC5FCCBF-E8AC-47EF-AC14-048AE19BD8A2}
		{2414B403-9916-43F1-AFB7-F77A9EB902C7} = {0027E939-E51E-4F91-9AED-50F2297CB604}
	EndGlobalSection
	GlobalSection(ProjectConfigurationPlatforms) = postSolution
		{E51A8953-CB19-42B4-B0CD-4F602B02A5C1}.Debug|Any CPU.ActiveCfg = Debug|Any CPU
		{E51A8953-CB19-42B4-B0CD-4F602B02A5C1}.Debug|Any CPU.Build.0 = Debug|Any CPU
		{E51A8953-CB19-42B4-B0CD-4F602B02A5C1}.Debug|x64.ActiveCfg = Debug|Any CPU
		{E51A8953-CB19-42B4-B0CD-4F602B02A5C1}.Debug|x64.Build.0 = Debug|Any CPU
		{E51A8953-CB19-42B4-B0CD-4F602B02A5C1}.Debug|x86.ActiveCfg = Debug|Any CPU
		{E51A8953-CB19-42B4-B0CD-4F602B02A5C1}.Debug|x86.Build.0 = Debug|Any CPU
		{E51A8953-CB19-42B4-B0CD-4F602B02A5C1}.Release|Any CPU.ActiveCfg = Release|Any CPU
		{E51A8953-CB19-42B4-B0CD-4F602B02A5C1}.Release|Any CPU.Build.0 = Release|Any CPU
		{E51A8953-CB19-42B4-B0CD-4F602B02A5C1}.Release|x64.ActiveCfg = Release|Any CPU
		{E51A8953-CB19-42B4-B0CD-4F602B02A5C1}.Release|x64.Build.0 = Release|Any CPU
		{E51A8953-CB19-42B4-B0CD-4F602B02A5C1}.Release|x86.ActiveCfg = Release|Any CPU
		{E51A8953-CB19-42B4-B0CD-4F602B02A5C1}.Release|x86.Build.0 = Release|Any CPU
		{2414B403-9916-43F1-AFB7-F77A9EB902C7}.Debug|Any CPU.ActiveCfg = Debug|Any CPU
		{2414B403-9916-43F1-AFB7-F77A9EB902C7}.Debug|Any CPU.Build.0 = Debug|Any CPU
		{2414B403-9916-43F1-AFB7-F77A9EB902C7}.Debug|x64.ActiveCfg = Debug|Any CPU
		{2414B403-9916-43F1-AFB7-F77A9EB902C7}.Debug|x64.Build.0 = Debug|Any CPU
		{2414B403-9916-43F1-AFB7-F77A9EB902C7}.Debug|x86.ActiveCfg = Debug|Any CPU
		{2414B403-9916-43F1-AFB7-F77A9EB902C7}.Debug|x86.Build.0 = Debug|Any CPU
		{2414B403-9916-43F1-AFB7-F77A9EB902C7}.Release|Any CPU.ActiveCfg = Release|Any CPU
		{2414B403-9916-43F1-AFB7-F77A9EB902C7}.Release|Any CPU.Build.0 = Release|Any CPU
		{2414B403-9916-43F1-AFB7-F77A9EB902C7}.Release|x64.ActiveCfg = Release|Any CPU
		{2414B403-9916-43F1-AFB7-F77A9EB902C7}.Release|x64.Build.0 = Release|Any CPU
		{2414B403-9916-43F1-AFB7-F77A9EB902C7}.Release|x86.ActiveCfg = Release|Any CPU
		{2414B403-9916-43F1-AFB7-F77A9EB902C7}.Release|x86.Build.0 = Release|Any CPU
	EndGlobalSection
EndGlobal
